// !$*UTF8*$!
{
	archiveVersion = 1;
	classes = {
	};
	objectVersion = 46;
	objects = {

/* Begin PBXBuildFile section */
		4405A20D1E9BC13600D1C101 /* AgeRange.h in Headers */ = {isa = PBXBuildFile; fileRef = 4405A20B1E9BC13600D1C101 /* AgeRange.h */; settings = {ATTRIBUTES = (Public, ); }; };
		4405A20E1E9BC13600D1C101 /* AgeRange.m in Sources */ = {isa = PBXBuildFile; fileRef = 4405A20C1E9BC13600D1C101 /* AgeRange.m */; };
		4405A2111E9BC1BE00D1C101 /* AgeRangeDAO.h in Headers */ = {isa = PBXBuildFile; fileRef = 4405A20F1E9BC1BE00D1C101 /* AgeRangeDAO.h */; settings = {ATTRIBUTES = (Public, ); }; };
		4405A2121E9BC1BE00D1C101 /* AgeRangeDAO.m in Sources */ = {isa = PBXBuildFile; fileRef = 4405A2101E9BC1BE00D1C101 /* AgeRangeDAO.m */; };
		440D53A71E9888AC005AC9DA /* PersistenceLayerTests.m in Sources */ = {isa = PBXBuildFile; fileRef = 440D53A61E9888AC005AC9DA /* PersistenceLayerTests.m */; };
		440D53A91E9888AC005AC9DA /* libPersistenceLayer.a in Frameworks */ = {isa = PBXBuildFile; fileRef = 44DB82F61E967FC200CB1A50 /* libPersistenceLayer.a */; };
		440D53C11E98A713005AC9DA /* AgeTableDAO.h in Headers */ = {isa = PBXBuildFile; fileRef = 440D53BF1E98A713005AC9DA /* AgeTableDAO.h */; settings = {ATTRIBUTES = (Public, ); }; };
		440D53C21E98A713005AC9DA /* AgeTableDAO.m in Sources */ = {isa = PBXBuildFile; fileRef = 440D53C01E98A713005AC9DA /* AgeTableDAO.m */; };
		440D53C51E98D121005AC9DA /* PersionInfo.h in Headers */ = {isa = PBXBuildFile; fileRef = 440D53C31E98D121005AC9DA /* PersionInfo.h */; settings = {ATTRIBUTES = (Public, ); }; };
		440D53C61E98D121005AC9DA /* PersionInfo.m in Sources */ = {isa = PBXBuildFile; fileRef = 440D53C41E98D121005AC9DA /* PersionInfo.m */; };
		440D53C91E98DDA8005AC9DA /* PersionInfoDAO.h in Headers */ = {isa = PBXBuildFile; fileRef = 440D53C71E98DDA8005AC9DA /* PersionInfoDAO.h */; settings = {ATTRIBUTES = (Public, ); }; };
		440D53CA1E98DDA8005AC9DA /* PersionInfoDAO.m in Sources */ = {isa = PBXBuildFile; fileRef = 440D53C81E98DDA8005AC9DA /* PersionInfoDAO.m */; };
		4416C6901E9BE79D00E3BD80 /* ECGDatesDAO.h in Headers */ = {isa = PBXBuildFile; fileRef = 4416C68E1E9BE79D00E3BD80 /* ECGDatesDAO.h */; settings = {ATTRIBUTES = (Public, ); }; };
		4416C6911E9BE79D00E3BD80 /* ECGDatesDAO.m in Sources */ = {isa = PBXBuildFile; fileRef = 4416C68F1E9BE79D00E3BD80 /* ECGDatesDAO.m */; };
		4416C6941E9BE8F300E3BD80 /* ECGData.h in Headers */ = {isa = PBXBuildFile; fileRef = 4416C6921E9BE8F300E3BD80 /* ECGData.h */; settings = {ATTRIBUTES = (Public, ); }; };
		4416C6951E9BE8F300E3BD80 /* ECGData.m in Sources */ = {isa = PBXBuildFile; fileRef = 4416C6931E9BE8F300E3BD80 /* ECGData.m */; };
		44736D801EB45EFF000CDC60 /* AgeTable.h in Headers */ = {isa = PBXBuildFile; fileRef = 44736D7E1EB45EFF000CDC60 /* AgeTable.h */; };
		44736D811EB45EFF000CDC60 /* AgeTable.m in Sources */ = {isa = PBXBuildFile; fileRef = 44736D7F1EB45EFF000CDC60 /* AgeTable.m */; };
		44DB82FB1E967FC200CB1A50 /* PersistenceLayer.m in Sources */ = {isa = PBXBuildFile; fileRef = 44DB82FA1E967FC200CB1A50 /* PersistenceLayer.m */; };
		44DB82FC1E967FC200CB1A50 /* PersistenceLayer.h in CopyFiles */ = {isa = PBXBuildFile; fileRef = 44DB82F91E967FC200CB1A50 /* PersistenceLayer.h */; };
		44DB83031E96806000CB1A50 /* PersistenceLayer.h in Headers */ = {isa = PBXBuildFile; fileRef = 44DB82F91E967FC200CB1A50 /* PersistenceLayer.h */; settings = {ATTRIBUTES = (Public, ); }; };
/* End PBXBuildFile section */

/* Begin PBXContainerItemProxy section */
		440D53AA1E9888AC005AC9DA /* PBXContainerItemProxy */ = {
			isa = PBXContainerItemProxy;
			containerPortal = 44DB82EE1E967FC200CB1A50 /* Project object */;
			proxyType = 1;
			remoteGlobalIDString = 44DB82F51E967FC200CB1A50;
			remoteInfo = PersistenceLayer;
		};
/* End PBXContainerItemProxy section */

/* Begin PBXCopyFilesBuildPhase section */
		44DB82F41E967FC200CB1A50 /* CopyFiles */ = {
			isa = PBXCopyFilesBuildPhase;
			buildActionMask = 2147483647;
			dstPath = "include/$(PRODUCT_NAME)";
			dstSubfolderSpec = 16;
			files = (
				44DB82FC1E967FC200CB1A50 /* PersistenceLayer.h in CopyFiles */,
			);
			runOnlyForDeploymentPostprocessing = 0;
		};
/* End PBXCopyFilesBuildPhase section */

/* Begin PBXFileReference section */
		4405A20B1E9BC13600D1C101 /* AgeRange.h */ = {isa = PBXFileReference; fileEncoding = 4; lastKnownFileType = sourcecode.c.h; path = AgeRange.h; sourceTree = "<group>"; };
		4405A20C1E9BC13600D1C101 /* AgeRange.m */ = {isa = PBXFileReference; fileEncoding = 4; lastKnownFileType = sourcecode.c.objc; path = AgeRange.m; sourceTree = "<group>"; };
		4405A20F1E9BC1BE00D1C101 /* AgeRangeDAO.h */ = {isa = PBXFileReference; fileEncoding = 4; lastKnownFileType = sourcecode.c.h; path = AgeRangeDAO.h; sourceTree = "<group>"; };
		4405A2101E9BC1BE00D1C101 /* AgeRangeDAO.m */ = {isa = PBXFileReference; fileEncoding = 4; lastKnownFileType = sourcecode.c.objc; path = AgeRangeDAO.m; sourceTree = "<group>"; };
		440D53A41E9888AC005AC9DA /* PersistenceLayerTests.xctest */ = {isa = PBXFileReference; explicitFileType = wrapper.cfbundle; includeInIndex = 0; path = PersistenceLayerTests.xctest; sourceTree = BUILT_PRODUCTS_DIR; };
		440D53A61E9888AC005AC9DA /* PersistenceLayerTests.m */ = {isa = PBXFileReference; lastKnownFileType = sourcecode.c.objc; path = PersistenceLayerTests.m; sourceTree = "<group>"; };
		440D53A81E9888AC005AC9DA /* Info.plist */ = {isa = PBXFileReference; lastKnownFileType = text.plist.xml; path = Info.plist; sourceTree = "<group>"; };
		440D53BF1E98A713005AC9DA /* AgeTableDAO.h */ = {isa = PBXFileReference; fileEncoding = 4; lastKnownFileType = sourcecode.c.h; path = AgeTableDAO.h; sourceTree = "<group>"; };
		440D53C01E98A713005AC9DA /* AgeTableDAO.m */ = {isa = PBXFileReference; fileEncoding = 4; lastKnownFileType = sourcecode.c.objc; path = AgeTableDAO.m; sourceTree = "<group>"; };
		440D53C31E98D121005AC9DA /* PersionInfo.h */ = {isa = PBXFileReference; fileEncoding = 4; lastKnownFileType = sourcecode.c.h; path = PersionInfo.h; sourceTree = "<group>"; };
		440D53C41E98D121005AC9DA /* PersionInfo.m */ = {isa = PBXFileReference; fileEncoding = 4; lastKnownFileType = sourcecode.c.objc; path = PersionInfo.m; sourceTree = "<group>"; };
		440D53C71E98DDA8005AC9DA /* PersionInfoDAO.h */ = {isa = PBXFileReference; fileEncoding = 4; lastKnownFileType = sourcecode.c.h; path = PersionInfoDAO.h; sourceTree = "<group>"; };
		440D53C81E98DDA8005AC9DA /* PersionInfoDAO.m */ = {isa = PBXFileReference; fileEncoding = 4; lastKnownFileType = sourcecode.c.objc; path = PersionInfoDAO.m; sourceTree = "<group>"; };
		4416C68E1E9BE79D00E3BD80 /* ECGDatesDAO.h */ = {isa = PBXFileReference; fileEncoding = 4; lastKnownFileType = sourcecode.c.h; path = ECGDatesDAO.h; sourceTree = "<group>"; };
		4416C68F1E9BE79D00E3BD80 /* ECGDatesDAO.m */ = {isa = PBXFileReference; fileEncoding = 4; lastKnownFileType = sourcecode.c.objc; path = ECGDatesDAO.m; sourceTree = "<group>"; };
		4416C6921E9BE8F300E3BD80 /* ECGData.h */ = {isa = PBXFileReference; fileEncoding = 4; lastKnownFileType = sourcecode.c.h; name = ECGData.h; path = ../ECGData.h; sourceTree = "<group>"; };
		4416C6931E9BE8F300E3BD80 /* ECGData.m */ = {isa = PBXFileReference; fileEncoding = 4; lastKnownFileType = sourcecode.c.objc; name = ECGData.m; path = ../ECGData.m; sourceTree = "<group>"; };
		44736D7E1EB45EFF000CDC60 /* AgeTable.h */ = {isa = PBXFileReference; fileEncoding = 4; lastKnownFileType = sourcecode.c.h; path = AgeTable.h; sourceTree = "<group>"; };
		44736D7F1EB45EFF000CDC60 /* AgeTable.m */ = {isa = PBXFileReference; fileEncoding = 4; lastKnownFileType = sourcecode.c.objc; path = AgeTable.m; sourceTree = "<group>"; };
		44DB82F61E967FC200CB1A50 /* libPersistenceLayer.a */ = {isa = PBXFileReference; explicitFileType = archive.ar; includeInIndex = 0; path = libPersistenceLayer.a; sourceTree = BUILT_PRODUCTS_DIR; };
		44DB82F91E967FC200CB1A50 /* PersistenceLayer.h */ = {isa = PBXFileReference; lastKnownFileType = sourcecode.c.h; path = PersistenceLayer.h; sourceTree = "<group>"; };
		44DB82FA1E967FC200CB1A50 /* PersistenceLayer.m */ = {isa = PBXFileReference; lastKnownFileType = sourcecode.c.objc; path = PersistenceLayer.m; sourceTree = "<group>"; };
/* End PBXFileReference section */

/* Begin PBXFrameworksBuildPhase section */
		440D53A11E9888AC005AC9DA /* Frameworks */ = {
			isa = PBXFrameworksBuildPhase;
			buildActionMask = 2147483647;
			files = (
				440D53A91E9888AC005AC9DA /* libPersistenceLayer.a in Frameworks */,
			);
			runOnlyForDeploymentPostprocessing = 0;
		};
		44DB82F31E967FC200CB1A50 /* Frameworks */ = {
			isa = PBXFrameworksBuildPhase;
			buildActionMask = 2147483647;
			files = (
			);
			runOnlyForDeploymentPostprocessing = 0;
		};
/* End PBXFrameworksBuildPhase section */

/* Begin PBXGroup section */
		440B047B1E973B4300F31CE0 /* Frameworks */ = {
			isa = PBXGroup;
			children = (
			);
			name = Frameworks;
			sourceTree = "<group>";
		};
		440D53A51E9888AC005AC9DA /* PersistenceLayerTests */ = {
			isa = PBXGroup;
			children = (
				440D53A61E9888AC005AC9DA /* PersistenceLayerTests.m */,
				440D53A81E9888AC005AC9DA /* Info.plist */,
			);
			path = PersistenceLayerTests;
			sourceTree = "<group>";
		};
		44DB82ED1E967FC200CB1A50 = {
			isa = PBXGroup;
			children = (
				44DB82F81E967FC200CB1A50 /* PersistenceLayer */,
				440D53A51E9888AC005AC9DA /* PersistenceLayerTests */,
				44DB82F71E967FC200CB1A50 /* Products */,
				440B047B1E973B4300F31CE0 /* Frameworks */,
			);
			sourceTree = "<group>";
		};
		44DB82F71E967FC200CB1A50 /* Products */ = {
			isa = PBXGroup;
			children = (
				44DB82F61E967FC200CB1A50 /* libPersistenceLayer.a */,
				440D53A41E9888AC005AC9DA /* PersistenceLayerTests.xctest */,
			);
			name = Products;
			sourceTree = "<group>";
		};
		44DB82F81E967FC200CB1A50 /* PersistenceLayer */ = {
			isa = PBXGroup;
			children = (
				44DB82F91E967FC200CB1A50 /* PersistenceLayer.h */,
				44DB82FA1E967FC200CB1A50 /* PersistenceLayer.m */,
				44736D7E1EB45EFF000CDC60 /* AgeTable.h */,
				44736D7F1EB45EFF000CDC60 /* AgeTable.m */,
				440D53BF1E98A713005AC9DA /* AgeTableDAO.h */,
				440D53C01E98A713005AC9DA /* AgeTableDAO.m */,
				440D53C31E98D121005AC9DA /* PersionInfo.h */,
				440D53C41E98D121005AC9DA /* PersionInfo.m */,
				440D53C71E98DDA8005AC9DA /* PersionInfoDAO.h */,
				440D53C81E98DDA8005AC9DA /* PersionInfoDAO.m */,
				4405A20B1E9BC13600D1C101 /* AgeRange.h */,
				4405A20C1E9BC13600D1C101 /* AgeRange.m */,
				4405A20F1E9BC1BE00D1C101 /* AgeRangeDAO.h */,
				4405A2101E9BC1BE00D1C101 /* AgeRangeDAO.m */,
				4416C6921E9BE8F300E3BD80 /* ECGData.h */,
				4416C6931E9BE8F300E3BD80 /* ECGData.m */,
				4416C68E1E9BE79D00E3BD80 /* ECGDatesDAO.h */,
				4416C68F1E9BE79D00E3BD80 /* ECGDatesDAO.m */,
			);
			path = PersistenceLayer;
			sourceTree = "<group>";
		};
/* End PBXGroup section */

/* Begin PBXHeadersBuildPhase section */
		44DB83021E96804800CB1A50 /* Headers */ = {
			isa = PBXHeadersBuildPhase;
			buildActionMask = 2147483647;
			files = (
				4416C6901E9BE79D00E3BD80 /* ECGDatesDAO.h in Headers */,
				4416C6941E9BE8F300E3BD80 /* ECGData.h in Headers */,
				440D53C91E98DDA8005AC9DA /* PersionInfoDAO.h in Headers */,
				44736D801EB45EFF000CDC60 /* AgeTable.h in Headers */,
				4405A2111E9BC1BE00D1C101 /* AgeRangeDAO.h in Headers */,
				4405A20D1E9BC13600D1C101 /* AgeRange.h in Headers */,
				440D53C51E98D121005AC9DA /* PersionInfo.h in Headers */,
				440D53C11E98A713005AC9DA /* AgeTableDAO.h in Headers */,
				44DB83031E96806000CB1A50 /* PersistenceLayer.h in Headers */,
			);
			runOnlyForDeploymentPostprocessing = 0;
		};
/* End PBXHeadersBuildPhase section */

/* Begin PBXNativeTarget section */
		440D53A31E9888AC005AC9DA /* PersistenceLayerTests */ = {
			isa = PBXNativeTarget;
			buildConfigurationList = 440D53AC1E9888AC005AC9DA /* Build configuration list for PBXNativeTarget "PersistenceLayerTests" */;
			buildPhases = (
				440D53A01E9888AC005AC9DA /* Sources */,
				440D53A11E9888AC005AC9DA /* Frameworks */,
				440D53A21E9888AC005AC9DA /* Resources */,
			);
			buildRules = (
			);
			dependencies = (
				440D53AB1E9888AC005AC9DA /* PBXTargetDependency */,
			);
			name = PersistenceLayerTests;
			productName = PersistenceLayerTests;
			productReference = 440D53A41E9888AC005AC9DA /* PersistenceLayerTests.xctest */;
			productType = "com.apple.product-type.bundle.unit-test";
		};
		44DB82F51E967FC200CB1A50 /* PersistenceLayer */ = {
			isa = PBXNativeTarget;
			buildConfigurationList = 44DB82FF1E967FC200CB1A50 /* Build configuration list for PBXNativeTarget "PersistenceLayer" */;
			buildPhases = (
				44DB82F21E967FC200CB1A50 /* Sources */,
				44DB82F31E967FC200CB1A50 /* Frameworks */,
				44DB82F41E967FC200CB1A50 /* CopyFiles */,
				44DB83021E96804800CB1A50 /* Headers */,
			);
			buildRules = (
			);
			dependencies = (
			);
			name = PersistenceLayer;
			productName = PersistenceLayer;
			productReference = 44DB82F61E967FC200CB1A50 /* libPersistenceLayer.a */;
			productType = "com.apple.product-type.library.static";
		};
/* End PBXNativeTarget section */

/* Begin PBXProject section */
		44DB82EE1E967FC200CB1A50 /* Project object */ = {
			isa = PBXProject;
			attributes = {
				LastUpgradeCheck = 0820;
				ORGANIZATIONNAME = kathy;
				TargetAttributes = {
					440D53A31E9888AC005AC9DA = {
						CreatedOnToolsVersion = 8.2.1;
						ProvisioningStyle = Automatic;
					};
					44DB82F51E967FC200CB1A50 = {
						CreatedOnToolsVersion = 8.2.1;
						ProvisioningStyle = Automatic;
					};
				};
			};
			buildConfigurationList = 44DB82F11E967FC200CB1A50 /* Build configuration list for PBXProject "PersistenceLayer" */;
			compatibilityVersion = "Xcode 3.2";
			developmentRegion = English;
			hasScannedForEncodings = 0;
			knownRegions = (
				en,
			);
			mainGroup = 44DB82ED1E967FC200CB1A50;
			productRefGroup = 44DB82F71E967FC200CB1A50 /* Products */;
			projectDirPath = "";
			projectRoot = "";
			targets = (
				44DB82F51E967FC200CB1A50 /* PersistenceLayer */,
				440D53A31E9888AC005AC9DA /* PersistenceLayerTests */,
			);
		};
/* End PBXProject section */

/* Begin PBXResourcesBuildPhase section */
		440D53A21E9888AC005AC9DA /* Resources */ = {
			isa = PBXResourcesBuildPhase;
			buildActionMask = 2147483647;
			files = (
			);
			runOnlyForDeploymentPostprocessing = 0;
		};
/* End PBXResourcesBuildPhase section */

/* Begin PBXSourcesBuildPhase section */
		440D53A01E9888AC005AC9DA /* Sources */ = {
			isa = PBXSourcesBuildPhase;
			buildActionMask = 2147483647;
			files = (
				440D53A71E9888AC005AC9DA /* PersistenceLayerTests.m in Sources */,
			);
			runOnlyForDeploymentPostprocessing = 0;
		};
		44DB82F21E967FC200CB1A50 /* Sources */ = {
			isa = PBXSourcesBuildPhase;
			buildActionMask = 2147483647;
			files = (
				440D53C61E98D121005AC9DA /* PersionInfo.m in Sources */,
				4416C6951E9BE8F300E3BD80 /* ECGData.m in Sources */,
				440D53CA1E98DDA8005AC9DA /* PersionInfoDAO.m in Sources */,
				440D53C21E98A713005AC9DA /* AgeTableDAO.m in Sources */,
				44DB82FB1E967FC200CB1A50 /* PersistenceLayer.m in Sources */,
				4416C6911E9BE79D00E3BD80 /* ECGDatesDAO.m in Sources */,
				4405A2121E9BC1BE00D1C101 /* AgeRangeDAO.m in Sources */,
				44736D811EB45EFF000CDC60 /* AgeTable.m in Sources */,
				4405A20E1E9BC13600D1C101 /* AgeRange.m in Sources */,
			);
			runOnlyForDeploymentPostprocessing = 0;
		};
/* End PBXSourcesBuildPhase section */

/* Begin PBXTargetDependency section */
		440D53AB1E9888AC005AC9DA /* PBXTargetDependency */ = {
			isa = PBXTargetDependency;
			target = 44DB82F51E967FC200CB1A50 /* PersistenceLayer */;
			targetProxy = 440D53AA1E9888AC005AC9DA /* PBXContainerItemProxy */;
		};
/* End PBXTargetDependency section */

/* Begin XCBuildConfiguration section */
		440D53AD1E9888AC005AC9DA /* Debug */ = {
			isa = XCBuildConfiguration;
			buildSettings = {
				INFOPLIST_FILE = PersistenceLayerTests/Info.plist;
				LD_RUNPATH_SEARCH_PATHS = "$(inherited) @executable_path/Frameworks @loader_path/Frameworks";
				PRODUCT_BUNDLE_IDENTIFIER = com.xupt.PersistenceLayerTests;
				PRODUCT_NAME = "$(TARGET_NAME)";
			};
			name = Debug;
		};
		440D53AE1E9888AC005AC9DA /* Release */ = {
			isa = XCBuildConfiguration;
			buildSettings = {
				INFOPLIST_FILE = PersistenceLayerTests/Info.plist;
				LD_RUNPATH_SEARCH_PATHS = "$(inherited) @executable_path/Frameworks @loader_path/Frameworks";
				PRODUCT_BUNDLE_IDENTIFIER = com.xupt.PersistenceLayerTests;
				PRODUCT_NAME = "$(TARGET_NAME)";
			};
			name = Release;
		};
		44DB82FD1E967FC200CB1A50 /* Debug */ = {
			isa = XCBuildConfiguration;
			buildSettings = {
				ALWAYS_SEARCH_USER_PATHS = NO;
				CLANG_ANALYZER_NONNULL = YES;
				CLANG_CXX_LANGUAGE_STANDARD = "gnu++0x";
				CLANG_CXX_LIBRARY = "libc++";
				CLANG_ENABLE_MODULES = YES;
				CLANG_ENABLE_OBJC_ARC = YES;
				CLANG_WARN_BOOL_CONVERSION = YES;
				CLANG_WARN_CONSTANT_CONVERSION = YES;
				CLANG_WARN_DIRECT_OBJC_ISA_USAGE = YES_ERROR;
				CLANG_WARN_DOCUMENTATION_COMMENTS = YES;
				CLANG_WARN_EMPTY_BODY = YES;
				CLANG_WARN_ENUM_CONVERSION = YES;
				CLANG_WARN_INFINITE_RECURSION = YES;
				CLANG_WARN_INT_CONVERSION = YES;
				CLANG_WARN_OBJC_ROOT_CLASS = YES_ERROR;
				CLANG_WARN_SUSPICIOUS_MOVE = YES;
				CLANG_WARN_UNREACHABLE_CODE = YES;
				CLANG_WARN__DUPLICATE_METHOD_MATCH = YES;
				"CODE_SIGN_IDENTITY[sdk=iphoneos*]" = "iPhone Developer";
				COPY_PHASE_STRIP = NO;
				DEBUG_INFORMATION_FORMAT = dwarf;
				ENABLE_STRICT_OBJC_MSGSEND = YES;
				ENABLE_TESTABILITY = YES;
				GCC_C_LANGUAGE_STANDARD = gnu99;
				GCC_DYNAMIC_NO_PIC = NO;
				GCC_NO_COMMON_BLOCKS = YES;
				GCC_OPTIMIZATION_LEVEL = 0;
				GCC_PREPROCESSOR_DEFINITIONS = (
					"DEBUG=1",
					"$(inherited)",
				);
				GCC_WARN_64_TO_32_BIT_CONVERSION = YES;
				GCC_WARN_ABOUT_RETURN_TYPE = YES_ERROR;
				GCC_WARN_UNDECLARED_SELECTOR = YES;
				GCC_WARN_UNINITIALIZED_AUTOS = YES_AGGRESSIVE;
				GCC_WARN_UNUSED_FUNCTION = YES;
				GCC_WARN_UNUSED_VARIABLE = YES;
				IPHONEOS_DEPLOYMENT_TARGET = 10.2;
				MTL_ENABLE_DEBUG_INFO = YES;
				ONLY_ACTIVE_ARCH = YES;
				OTHER_LDFLAGS = "-lsqlite3";
				SDKROOT = iphoneos;
			};
			name = Debug;
		};
		44DB82FE1E967FC200CB1A50 /* Release */ = {
			isa = XCBuildConfiguration;
			buildSettings = {
				ALWAYS_SEARCH_USER_PATHS = NO;
				CLANG_ANALYZER_NONNULL = YES;
				CLANG_CXX_LANGUAGE_STANDARD = "gnu++0x";
				CLANG_CXX_LIBRARY = "libc++";
				CLANG_ENABLE_MODULES = YES;
				CLANG_ENABLE_OBJC_ARC = YES;
				CLANG_WARN_BOOL_CONVERSION = YES;
				CLANG_WARN_CONSTANT_CONVERSION = YES;
				CLANG_WARN_DIRECT_OBJC_ISA_USAGE = YES_ERROR;
				CLANG_WARN_DOCUMENTATION_COMMENTS = YES;
				CLANG_WARN_EMPTY_BODY = YES;
				CLANG_WARN_ENUM_CONVERSION = YES;
				CLANG_WARN_INFINITE_RECURSION = YES;
				CLANG_WARN_INT_CONVERSION = YES;
				CLANG_WARN_OBJC_ROOT_CLASS = YES_ERROR;
				CLANG_WARN_SUSPICIOUS_MOVE = YES;
				CLANG_WARN_UNREACHABLE_CODE = YES;
				CLANG_WARN__DUPLICATE_METHOD_MATCH = YES;
				"CODE_SIGN_IDENTITY[sdk=iphoneos*]" = "iPhone Developer";
				COPY_PHASE_STRIP = NO;
				DEBUG_INFORMATION_FORMAT = "dwarf-with-dsym";
				ENABLE_NS_ASSERTIONS = NO;
				ENABLE_STRICT_OBJC_MSGSEND = YES;
				GCC_C_LANGUAGE_STANDARD = gnu99;
				GCC_NO_COMMON_BLOCKS = YES;
				GCC_WARN_64_TO_32_BIT_CONVERSION = YES;
				GCC_WARN_ABOUT_RETURN_TYPE = YES_ERROR;
				GCC_WARN_UNDECLARED_SELECTOR = YES;
				GCC_WARN_UNINITIALIZED_AUTOS = YES_AGGRESSIVE;
				GCC_WARN_UNUSED_FUNCTION = YES;
				GCC_WARN_UNUSED_VARIABLE = YES;
				IPHONEOS_DEPLOYMENT_TARGET = 10.2;
				MTL_ENABLE_DEBUG_INFO = NO;
				OTHER_LDFLAGS = "-lsqlite3";
				SDKROOT = iphoneos;
				VALIDATE_PRODUCT = YES;
			};
			name = Release;
		};
		44DB83001E967FC200CB1A50 /* Debug */ = {
			isa = XCBuildConfiguration;
			buildSettings = {
				OTHER_LDFLAGS = "-ObjC";
				PRODUCT_NAME = "$(TARGET_NAME)";
				SKIP_INSTALL = YES;
			};
			name = Debug;
		};
		44DB83011E967FC200CB1A50 /* Release */ = {
			isa = XCBuildConfiguration;
			buildSettings = {
				OTHER_LDFLAGS = "-ObjC";
				PRODUCT_NAME = "$(TARGET_NAME)";
				SKIP_INSTALL = YES;
			};
			name = Release;
		};
/* End XCBuildConfiguration section */

/* Begin XCConfigurationList section */
		440D53AC1E9888AC005AC9DA /* Build configuration list for PBXNativeTarget "PersistenceLayerTests" */ = {
			isa = XCConfigurationList;
			buildConfigurations = (
				440D53AD1E9888AC005AC9DA /* Debug */,
				440D53AE1E9888AC005AC9DA /* Release */,
			);
			defaultConfigurationIsVisible = 0;
			defaultConfigurationName = Release;
		};
		44DB82F11E967FC200CB1A50 /* Build configuration list for PBXProject "PersistenceLayer" */ = {
			isa = XCConfigurationList;
			buildConfigurations = (
				44DB82FD1E967FC200CB1A50 /* Debug */,
				44DB82FE1E967FC200CB1A50 /* Release */,
			);
			defaultConfigurationIsVisible = 0;
			defaultConfigurationName = Release;
		};
		44DB82FF1E967FC200CB1A50 /* Build configuration list for PBXNativeTarget "PersistenceLayer" */ = {
			isa = XCConfigurationList;
			buildConfigurations = (
				44DB83001E967FC200CB1A50 /* Debug */,
				44DB83011E967FC200CB1A50 /* Release */,
			);
			defaultConfigurationIsVisible = 0;
			defaultConfigurationName = Release;
		};
/* End XCConfigurationList section */
	};
	rootObject = 44DB82EE1E967FC200CB1A50 /* Project object */;
}
